# THIS IS AN AUTOGENERATED FILE. DO NOT EDIT THIS FILE DIRECTLY.
# yarn lockfile v1


"@types/faker@^5.5.7":
  version "5.5.7"
  resolved "https://registry.yarnpkg.com/@types/faker/-/faker-5.5.7.tgz#52aa3ad6ead3642b7c54e1e87e9e3ff5b10b3873"
  integrity sha512-ejzb61Q5zQTtS0ZIafgQ7ahO5ACzmGhG5PfX2hxWyth3k0/aysb4ZOxKQB8DbzwSPppA5jmFBwqnBxjv5hqI5Q==

"@types/googlemaps@^3.43.3":
  version "3.43.3"
  resolved "https://registry.yarnpkg.com/@types/googlemaps/-/googlemaps-3.43.3.tgz#70cf962154a160fe78bcd69d6ccc296dd9175b1f"
  integrity sha512-ZWNoz/O8MPEpiajvj7QiqCY8tTLFNqNZ/a+s+zTV58wFVNAvvqV4bdGfnsjTb5Cs4V6wEsLrX8XRhmnyYJ2Tdg==

faker@^5.5.3:
  version "5.5.3"
  resolved "https://registry.yarnpkg.com/faker/-/faker-5.5.3.tgz#c57974ee484431b25205c2c8dc09fda861e51e0e"
  integrity sha512-wLTv2a28wjUyWkbnX7u/ABZBkUkIF2fCd73V6P2oFqEGEktDfzWx4UxrSqtPRw0xPRAcjeAOIiJWqZm3pP4u3g==

typescript@^4.3.5:
  version "4.3.5"
  resolved "https://registry.yarnpkg.com/typescript/-/typescript-4.3.5.tgz#4d1c37cc16e893973c45a06886b7113234f119f4"
  integrity sha512-DqQgihaQ9cUrskJo9kIyW/+g0Vxsk8cDtZ52a3NGh0YNTfpUSArXSohyUGnvbPazEPLu398C0UxmKSOrPumUzA==
